
Microsoft Visual Studio Solution File, Format Version 12.00
# Visual Studio Version 17
VisualStudioVersion = 17.4.33213.308
MinimumVisualStudioVersion = 10.0.40219.1
Project("{FAE04EC0-301F-11D3-BF4B-00C04F79EFBC}") = "PixelMaster.TemplateProject", "PixelMaster.TemplateProject\PixelMaster.TemplateProject.csproj", "{8CD625D0-3F7E-4779-BDD1-DB8F328450CF}"
EndProject
Global
	GlobalSection(SolutionConfigurationPlatforms) = preSolution
		Debug|Any CPU = Debug|Any CPU
		Release|Any CPU = Release|Any CPU
	EndGlobalSection
	GlobalSection(ProjectConfigurationPlatforms) = postSolution
		{8CD625D0-3F7E-4779-BDD1-DB8F328450CF}.Debug|Any CPU.ActiveCfg = Debug|Any CPU
		{8CD625D0-3F7E-4779-BDD1-DB8F328450CF}.Debug|Any CPU.Build.0 = Debug|Any CPU
		{8CD625D0-3F7E-4779-BDD1-DB8F328450CF}.Release|Any CPU.ActiveCfg = Release|Any CPU
		{8CD625D0-3F7E-4779-BDD1-DB8F328450CF}.Release|Any CPU.Build.0 = Release|Any CPU
	EndGlobalSection
	GlobalSection(SolutionProperties) = preSolution
		HideSolutionNode = FALSE
	EndGlobalSection
	GlobalSection(ExtensibilityGlobals) = postSolution
		SolutionGuid = {092FCCB3-F36B-445B-818B-5A6B92A815BD}
	EndGlobalSection
EndGlobal
